version = 1
requires-python = ">=3.11"

[[package]]
name = "anyio"
version = "2.0.2"
source = { registry = "https://pypi.org/simple" }
dependencies = [
    { name = "idna" },
    { name = "sniffio" },
]
sdist = { url = "https://files.pythonhosted.org/packages/db/7c/c25052956b882c226adcad815197f32dde4eb9dfbbd19041b291811b1032/anyio-2.0.2.tar.gz", hash = "sha256:35075abd32cf20fd7e0be2fee3614e80b92d5392eba257c8d2f33de3df7ca237", size = 91805 }
wheels = [
    { url = "https://files.pythonhosted.org/packages/d7/83/0585a2bafc0898a07f491a001520db9a7b1aaca2369f99590ff2bfe9067a/anyio-2.0.2-py3-none-any.whl", hash = "sha256:01cce0087b8fd8b6b7e629dc11505dcde02f916ce903332892cb2ae9817b597d", size = 62719 },
]

[[package]]
name = "async-stagger"
version = "0.3.1"
source = { registry = "https://pypi.org/simple" }
sdist = { url = "https://files.pythonhosted.org/packages/f0/3e/1bbe65201027f05d973bf9cecf1e0141553f6ce4b8e78116c065fc59786a/async_stagger-0.3.1.tar.gz", hash = "sha256:aa9f357e9efd277e9a516a94bde8124ad5e467e9bc65c9fadaaac98e956a43d6", size = 23403 }
wheels = [
    { url = "https://files.pythonhosted.org/packages/20/54/ac8d5d9a82e9f9ae6fe68aca82471b41fddd3aa9a64376ac30e57d2ba9da/async_stagger-0.3.1-py3-none-any.whl", hash = "sha256:4d9e238ee1845de12ab310e8cee03296325973fc9a0b219d1e5be052ba852cd0", size = 25328 },
]

[[package]]
name = "async-timeout"
version = "4.0.3"
source = { registry = "https://pypi.org/simple" }
sdist = { url = "https://files.pythonhosted.org/packages/87/d6/21b30a550dafea84b1b8eee21b5e23fa16d010ae006011221f33dcd8d7f8/async-timeout-4.0.3.tar.gz", hash = "sha256:4640d96be84d82d02ed59ea2b7105a0f7b33abe8703703cd0ab0bf87c427522f", size = 8345 }
wheels = [
    { url = "https://files.pythonhosted.org/packages/a7/fa/e01228c2938de91d47b307831c62ab9e4001e747789d0b05baf779a6488c/async_timeout-4.0.3-py3-none-any.whl", hash = "sha256:7405140ff1230c310e51dc27b3145b9092d659ce68ff733fb0cefe3ee42be028", size = 5721 },
]

[[package]]
name = "asyncio-rlock"
version = "0.1.0"
source = { registry = "https://pypi.org/simple" }
sdist = { url = "https://files.pythonhosted.org/packages/f8/f7/2ecb60f740c081f3e42c1bc62c4dbc8b0cda0d95e404203b5569b118437e/asyncio_rlock-0.1.0.tar.gz", hash = "sha256:7e29824331619873e10d5d99dcc46d7b8f196c4a11b203f4eeccc0c091039d43", size = 1466 }
wheels = [
    { url = "https://files.pythonhosted.org/packages/c3/04/080b5e169dbe45ed46ee4388ebfa784a2824ec456cb0a371e693461e9bf0/asyncio_rlock-0.1.0-py3-none-any.whl", hash = "sha256:96898a49dc479656252a18aa3352342e2e3c5325aaf0c0042e1cebd68f265857", size = 2549 },
]

[[package]]
name = "asyncio-throttle"
version = "1.0.2"
source = { registry = "https://pypi.org/simple" }
sdist = { url = "https://files.pythonhosted.org/packages/13/6f/0e2d42c0e95d50edf63147b8a742703061945e02760f25d6a0e8f028ccb0/asyncio-throttle-1.0.2.tar.gz", hash = "sha256:2675282e99d9129ecc446f917e174bc205c65e36c602aa18603b4948567fcbd4", size = 3775 }
wheels = [
    { url = "https://files.pythonhosted.org/packages/f6/6a/d18c93722fb56dc1ffed5fb7e7fcff4f8031f80f84c5cc0427363a036b0c/asyncio_throttle-1.0.2-py3-none-any.whl", hash = "sha256:4d4c1eb3250f735f59ce842d8d92cd2927c008bd52008797ba030b5787c41f3b", size = 4079 },
]

[[package]]
name = "asyncpg"
version = "0.29.0"
source = { registry = "https://pypi.org/simple" }
dependencies = [
    { name = "async-timeout", marker = "python_full_version < '3.12'" },
]
sdist = { url = "https://files.pythonhosted.org/packages/c1/11/7a6000244eaeb6b8ed2238bf33477c486515d6133f2c295913aca3ba4a00/asyncpg-0.29.0.tar.gz", hash = "sha256:d1c49e1f44fffafd9a55e1a9b101590859d881d639ea2922516f5d9c512d354e", size = 820455 }
wheels = [
    { url = "https://files.pythonhosted.org/packages/69/28/3e3c4e243778f0361214b9d6e8bc6aa8e8bf55f35a2d2cb8949a6863caab/asyncpg-0.29.0-cp311-cp311-macosx_10_9_x86_64.whl", hash = "sha256:d4900ee08e85af01adb207519bb4e14b1cae8fd21e0ccf80fac6aa60b6da37b4", size = 653061 },
    { url = "https://files.pythonhosted.org/packages/4a/13/f96284d7014dd06db2e78bea15706443d7895548bf74cf34f0c3ee1863fd/asyncpg-0.29.0-cp311-cp311-macosx_11_0_arm64.whl", hash = "sha256:a65c1dcd820d5aea7c7d82a3fdcb70e096f8f70d1a8bf93eb458e49bfad036ac", size = 638740 },
    { url = "https://files.pythonhosted.org/packages/27/25/d140bd503932f99528edc0a1461648973ad3c1c67f5929d11f3e8b5f81f4/asyncpg-0.29.0-cp311-cp311-manylinux_2_17_aarch64.manylinux2014_aarch64.whl", hash = "sha256:5b52e46f165585fd6af4863f268566668407c76b2c72d366bb8b522fa66f1870", size = 2788952 },
    { url = "https://files.pythonhosted.org/packages/c4/41/a0bdc18f13bdd5f27e7fc1b5de7e1caae19951967c109bca1a2e99cf3331/asyncpg-0.29.0-cp311-cp311-manylinux_2_17_x86_64.manylinux2014_x86_64.whl", hash = "sha256:dc600ee8ef3dd38b8d67421359779f8ccec30b463e7aec7ed481c8346decf99f", size = 2809108 },
    { url = "https://files.pythonhosted.org/packages/f2/1f/1737248d7b1b75d19e7f07a98321bc58cb6fc979754c78544cfebff3359b/asyncpg-0.29.0-cp311-cp311-musllinux_1_1_aarch64.whl", hash = "sha256:039a261af4f38f949095e1e780bae84a25ffe3e370175193174eb08d3cecab23", size = 3355924 },
    { url = "https://files.pythonhosted.org/packages/88/b0/6bebd69ed484055d47b78ea34fd9887c35694b63c9a648a7f02759d3bf73/asyncpg-0.29.0-cp311-cp311-musllinux_1_1_x86_64.whl", hash = "sha256:6feaf2d8f9138d190e5ec4390c1715c3e87b37715cd69b2c3dfca616134efd2b", size = 3391360 },
    { url = "https://files.pythonhosted.org/packages/5b/89/3ed6e9d235f8aa13aa8ee8dc3a70f754962dbd441bec2dcfdae9f9e0e2e3/asyncpg-0.29.0-cp311-cp311-win32.whl", hash = "sha256:1e186427c88225ef730555f5fdda6c1812daa884064bfe6bc462fd3a71c4b675", size = 496216 },
    { url = "https://files.pythonhosted.org/packages/f2/39/f7e755b5d5aa59d8385c08be58726aceffc1da9360041031554d664c783f/asyncpg-0.29.0-cp311-cp311-win_amd64.whl", hash = "sha256:cfe73ffae35f518cfd6e4e5f5abb2618ceb5ef02a2365ce64f132601000587d3", size = 543321 },
    { url = "https://files.pythonhosted.org/packages/f2/b7/38b7c195f66a5598413c538da499b3f8119ba5764ded6fff620f7eb84c65/asyncpg-0.29.0-cp312-cp312-macosx_10_9_x86_64.whl", hash = "sha256:6011b0dc29886ab424dc042bf9eeb507670a3b40aece3439944006aafe023178", size = 636282 },
    { url = "https://files.pythonhosted.org/packages/eb/0b/d128b57f7e994a6d71253d0a6a8c949fc50c969785010d46b87d8491be24/asyncpg-0.29.0-cp312-cp312-macosx_11_0_arm64.whl", hash = "sha256:b544ffc66b039d5ec5a7454667f855f7fec08e0dfaf5a5490dfafbb7abbd2cfb", size = 618024 },
    { url = "https://files.pythonhosted.org/packages/49/ac/0396e559e1e7ab23787f790ae96b22affe2d66acebb084d6fc42293d12b8/asyncpg-0.29.0-cp312-cp312-manylinux_2_17_aarch64.manylinux2014_aarch64.whl", hash = "sha256:d84156d5fb530b06c493f9e7635aa18f518fa1d1395ef240d211cb563c4e2364", size = 3196465 },
    { url = "https://files.pythonhosted.org/packages/99/38/0bfb00e9b828513bd759174860fd2b1c5e36d0b33985c90ff4ed6f96814c/asyncpg-0.29.0-cp312-cp312-manylinux_2_17_x86_64.manylinux2014_x86_64.whl", hash = "sha256:54858bc25b49d1114178d65a88e48ad50cb2b6f3e475caa0f0c092d5f527c106", size = 3275564 },
    { url = "https://files.pythonhosted.org/packages/16/1b/bb42784e9895832bf460ee6643f818bd53e4d6a6308cca5984c581a51845/asyncpg-0.29.0-cp312-cp312-musllinux_1_1_aarch64.whl", hash = "sha256:bde17a1861cf10d5afce80a36fca736a86769ab3579532c03e45f83ba8a09c59", size = 3164724 },
    { url = "https://files.pythonhosted.org/packages/d5/d1/7ed5169e30e80573c942f5a6f29b2f87d5b8379bdd9bd916f0ed136c874e/asyncpg-0.29.0-cp312-cp312-musllinux_1_1_x86_64.whl", hash = "sha256:37a2ec1b9ff88d8773d3eb6d3784dc7e3fee7756a5317b67f923172a4748a175", size = 3252834 },
    { url = "https://files.pythonhosted.org/packages/91/2e/20e024608c57c2099531ba492c761b12fdd80891a67e58c92de44d05d57e/asyncpg-0.29.0-cp312-cp312-win32.whl", hash = "sha256:bb1292d9fad43112a85e98ecdc2e051602bce97c199920586be83254d9dafc02", size = 487254 },
    { url = "https://files.pythonhosted.org/packages/71/86/7a18e1a457afb73991e5e5586e2341af09a31c91d8f65cc003f0b4553252/asyncpg-0.29.0-cp312-cp312-win_amd64.whl", hash = "sha256:2245be8ec5047a605e0b454c894e54bf2ec787ac04b1cb7e0d3c67aa1e32f0fe", size = 530253 },
]

[[package]]
name = "dnspython"
version = "2.7.0"
source = { registry = "https://pypi.org/simple" }
sdist = { url = "https://files.pythonhosted.org/packages/b5/4a/263763cb2ba3816dd94b08ad3a33d5fdae34ecb856678773cc40a3605829/dnspython-2.7.0.tar.gz", hash = "sha256:ce9c432eda0dc91cf618a5cedf1a4e142651196bbcd2c80e89ed5a907e5cfaf1", size = 345197 }
wheels = [
    { url = "https://files.pythonhosted.org/packages/68/1b/e0a87d256e40e8c888847551b20a017a6b98139178505dc7ffb96f04e954/dnspython-2.7.0-py3-none-any.whl", hash = "sha256:b4c34b7d10b51bcc3a5071e7b8dee77939f1e878477eeecc965e9835f63c6c86", size = 313632 },
]

[[package]]
name = "idna"
version = "3.10"
source = { registry = "https://pypi.org/simple" }
sdist = { url = "https://files.pythonhosted.org/packages/f1/70/7703c29685631f5a7590aa73f1f1d3fa9a380e654b86af429e0934a32f7d/idna-3.10.tar.gz", hash = "sha256:12f65c9b470abda6dc35cf8e63cc574b1c52b11df2c86030af0ac09b01b13ea9", size = 190490 }
wheels = [
    { url = "https://files.pythonhosted.org/packages/76/c6/c88e154df9c4e1a2a66ccf0005a88dfb2650c1dffb6f5ce603dfbd452ce3/idna-3.10-py3-none-any.whl", hash = "sha256:946d195a0d259cbba61165e88e65941f16e9b36ea6ddb97f00452bae8b1287d3", size = 70442 },
]

[[package]]
name = "ircrobots"
version = "0.7.0"
source = { registry = "https://pypi.org/simple" }
dependencies = [
    { name = "anyio" },
    { name = "async-stagger" },
    { name = "async-timeout" },
    { name = "asyncio-rlock" },
    { name = "asyncio-throttle" },
    { name = "ircstates" },
]
sdist = { url = "https://files.pythonhosted.org/packages/19/5b/fad8df195de936cc73906b3e22daa6e0ada9b35dbb57fb508063d1b8876d/ircrobots-0.7.0.tar.gz", hash = "sha256:2168d836c29b878922ed64da9a819d41a2da79d20d58a27993e6ac150eaf6405", size = 18642 }
wheels = [
    { url = "https://files.pythonhosted.org/packages/fe/22/3549f28dfb9aa309112a637f378644a9d02f34937f4b42289e0d03db6748/ircrobots-0.7.0-py3-none-any.whl", hash = "sha256:a7bfe0f74bf96bcfecd1899002717e920a44c31955a9628a647a18e50a4c736d", size = 22971 },
]

[[package]]
name = "ircstates"
version = "0.13.0"
source = { registry = "https://pypi.org/simple" }
dependencies = [
    { name = "irctokens" },
    { name = "pendulum" },
]
sdist = { url = "https://files.pythonhosted.org/packages/1f/eb/838d1e2548ad9367d4e2d6e62ae01f9d812353ab26520437ec181154b819/ircstates-0.13.0.tar.gz", hash = "sha256:d53bf3483b4480f2435475208eb815970941dd59e4473304c553b3ba9b4b3d8b", size = 18307 }
wheels = [
    { url = "https://files.pythonhosted.org/packages/b7/68/24468c66d80c42663b383467e8243c12b26edd0a482f812bc7f07a650703/ircstates-0.13.0-py3-none-any.whl", hash = "sha256:54c8d2a5671f1b572955a0875360a3e5bd45538ab09b60b1444f862cddb5b1be", size = 22815 },
]

[[package]]
name = "irctokens"
version = "2.0.2"
source = { registry = "https://pypi.org/simple" }
sdist = { url = "https://files.pythonhosted.org/packages/0a/90/edd160b5ccd094dc9c9a41cdd2d48adc985c65d9b03d385fcbe37a037589/irctokens-2.0.2.tar.gz", hash = "sha256:b08bf7ca10b185914bb84d33d780a31fdb0fd0cea438ee8918850d9520efbd47", size = 7023 }
wheels = [
    { url = "https://files.pythonhosted.org/packages/b8/84/69f068ac3cf70bc5f9b3add20ba997b8f02733bdef54cfab71b879b70c6a/irctokens-2.0.2-py3-none-any.whl", hash = "sha256:67d423a1bef581fb6c059de080f51271081de3e65e577b846db7d2340dcd7e24", size = 10612 },
]

[[package]]
name = "malachite"
version = "0.1.0"
source = { virtual = "." }
dependencies = [
    { name = "asyncpg" },
    { name = "dnspython" },
    { name = "ircrobots" },
]

[package.metadata]
requires-dist = [
    { name = "asyncpg", specifier = ">=0.29.0" },
    { name = "dnspython", specifier = ">=2.7.0" },
    { name = "ircrobots", specifier = ">=0.6.6" },
]

[[package]]
name = "pendulum"
version = "3.0.0"
source = { registry = "https://pypi.org/simple" }
dependencies = [
    { name = "python-dateutil" },
    { name = "time-machine", marker = "implementation_name != 'pypy'" },
    { name = "tzdata" },
]
sdist = { url = "https://files.pythonhosted.org/packages/b8/fe/27c7438c6ac8b8f8bef3c6e571855602ee784b85d072efddfff0ceb1cd77/pendulum-3.0.0.tar.gz", hash = "sha256:5d034998dea404ec31fae27af6b22cff1708f830a1ed7353be4d1019bb9f584e", size = 84524 }
wheels = [
    { url = "https://files.pythonhosted.org/packages/7b/f0/d60be6058657bf71281eeaa12bee85e87bac18acf6dbb7b5197bb8416537/pendulum-3.0.0-cp311-cp311-macosx_10_12_x86_64.whl", hash = "sha256:3725245c0352c95d6ca297193192020d1b0c0f83d5ee6bb09964edc2b5a2d508", size = 362283 },
    { url = "https://files.pythonhosted.org/packages/68/e5/0f9d8351242ddb119a40b41c0cf1d0c74cc243829eea6811f753a8ecf15f/pendulum-3.0.0-cp311-cp311-macosx_11_0_arm64.whl", hash = "sha256:6c035f03a3e565ed132927e2c1b691de0dbf4eb53b02a5a3c5a97e1a64e17bec", size = 352957 },
    { url = "https://files.pythonhosted.org/packages/30/43/70d0a08e5d6ca434ba139d19ec2a4847b0a3e461fbb82e680a9b6a4237ef/pendulum-3.0.0-cp311-cp311-manylinux_2_17_aarch64.manylinux2014_aarch64.whl", hash = "sha256:597e66e63cbd68dd6d58ac46cb7a92363d2088d37ccde2dae4332ef23e95cd00", size = 335784 },
    { url = "https://files.pythonhosted.org/packages/fc/a3/7d4c0b3f57bf7b543da9088a78a6bd6c786808ca4098bd5db649fdf9f6a2/pendulum-3.0.0-cp311-cp311-manylinux_2_17_ppc64le.manylinux2014_ppc64le.whl", hash = "sha256:99a0f8172e19f3f0c0e4ace0ad1595134d5243cf75985dc2233e8f9e8de263ca", size = 362217 },
    { url = "https://files.pythonhosted.org/packages/8b/03/8c451d569e7f4d9898f155e793f46970eed256c5ae353ecb355584890d8a/pendulum-3.0.0-cp311-cp311-manylinux_2_17_s390x.manylinux2014_s390x.whl", hash = "sha256:77d8839e20f54706aed425bec82a83b4aec74db07f26acd039905d1237a5e1d4", size = 448630 },
    { url = "https://files.pythonhosted.org/packages/84/3a/5e36479e199a034adcf6a1a95c691f0a2781ea55b9ac3bcb887e2f97d82b/pendulum-3.0.0-cp311-cp311-manylinux_2_17_x86_64.manylinux2014_x86_64.whl", hash = "sha256:afde30e8146292b059020fbc8b6f8fd4a60ae7c5e6f0afef937bbb24880bdf01", size = 384882 },
    { url = "https://files.pythonhosted.org/packages/4c/25/beff911dda686e0cf169bc3dbe5d10416b376a6dde94eb1bf04aa4035409/pendulum-3.0.0-cp311-cp311-musllinux_1_1_aarch64.whl", hash = "sha256:660434a6fcf6303c4efd36713ca9212c753140107ee169a3fc6c49c4711c2a05", size = 559556 },
    { url = "https://files.pythonhosted.org/packages/e9/e8/f2aaa470adb6c720645f9f9ef30d5b223407ee327e12c6127eccf4218cb8/pendulum-3.0.0-cp311-cp311-musllinux_1_1_x86_64.whl", hash = "sha256:dee9e5a48c6999dc1106eb7eea3e3a50e98a50651b72c08a87ee2154e544b33e", size = 558249 },
    { url = "https://files.pythonhosted.org/packages/60/19/c13307ea8504d2c02c63c9dffdae1cefbd068b636ec7b18ccf2ec064d246/pendulum-3.0.0-cp311-none-win_amd64.whl", hash = "sha256:d4cdecde90aec2d67cebe4042fd2a87a4441cc02152ed7ed8fb3ebb110b94ec4", size = 293463 },
    { url = "https://files.pythonhosted.org/packages/6b/36/252d48610295c11c0f18e791dcc133d38c545b0bd19a5c3981652a9acb3c/pendulum-3.0.0-cp311-none-win_arm64.whl", hash = "sha256:773c3bc4ddda2dda9f1b9d51fe06762f9200f3293d75c4660c19b2614b991d83", size = 288057 },
    { url = "https://files.pythonhosted.org/packages/1e/37/17c8f0e7481a32f21b9002dd68912a8813f2c1d77b984e00af56eb9ae31b/pendulum-3.0.0-cp312-cp312-macosx_10_12_x86_64.whl", hash = "sha256:409e64e41418c49f973d43a28afe5df1df4f1dd87c41c7c90f1a63f61ae0f1f7", size = 362284 },
    { url = "https://files.pythonhosted.org/packages/12/e6/08f462f6ea87e2159f19b43ff88231d26e02bda31c10bcb29290a617ace4/pendulum-3.0.0-cp312-cp312-macosx_11_0_arm64.whl", hash = "sha256:a38ad2121c5ec7c4c190c7334e789c3b4624798859156b138fcc4d92295835dc", size = 352964 },
    { url = "https://files.pythonhosted.org/packages/47/29/b6877f6b53b91356c2c56d19ddab17b165ca994ad1e57b32c089e79f3fb5/pendulum-3.0.0-cp312-cp312-manylinux_2_17_aarch64.manylinux2014_aarch64.whl", hash = "sha256:fde4d0b2024b9785f66b7f30ed59281bd60d63d9213cda0eb0910ead777f6d37", size = 335848 },
    { url = "https://files.pythonhosted.org/packages/2b/77/62ca666f30b2558342deadda26290a575459a7b59248ea1e978b84175227/pendulum-3.0.0-cp312-cp312-manylinux_2_17_ppc64le.manylinux2014_ppc64le.whl", hash = "sha256:4b2c5675769fb6d4c11238132962939b960fcb365436b6d623c5864287faa319", size = 362215 },
    { url = "https://files.pythonhosted.org/packages/e0/29/ce37593f5ea51862c60dadf4e863d604f954478b3abbcc60a14dc05e242c/pendulum-3.0.0-cp312-cp312-manylinux_2_17_s390x.manylinux2014_s390x.whl", hash = "sha256:8af95e03e066826f0f4c65811cbee1b3123d4a45a1c3a2b4fc23c4b0dff893b5", size = 448673 },
    { url = "https://files.pythonhosted.org/packages/72/6a/68a8c7b8f1977d89aabfd0e2becb0921e5515dfb365097e98a522334a151/pendulum-3.0.0-cp312-cp312-manylinux_2_17_x86_64.manylinux2014_x86_64.whl", hash = "sha256:2165a8f33cb15e06c67070b8afc87a62b85c5a273e3aaa6bc9d15c93a4920d6f", size = 384891 },
    { url = "https://files.pythonhosted.org/packages/30/e6/edd699300f47a3c53c0d8ed26e905b9a31057c3646211e58cc540716a440/pendulum-3.0.0-cp312-cp312-musllinux_1_1_aarch64.whl", hash = "sha256:ad5e65b874b5e56bd942546ea7ba9dd1d6a25121db1c517700f1c9de91b28518", size = 559558 },
    { url = "https://files.pythonhosted.org/packages/d4/97/95a44aa5e1763d3a966551ed0e12f56508d8dfcc60e1f0395909b6a08626/pendulum-3.0.0-cp312-cp312-musllinux_1_1_x86_64.whl", hash = "sha256:17fe4b2c844bbf5f0ece69cfd959fa02957c61317b2161763950d88fed8e13b9", size = 558240 },
    { url = "https://files.pythonhosted.org/packages/9a/91/fcd992eb36b77ab43f2cf44307b72c01a6fbb27f55c1bb2d4af30e9a6cb7/pendulum-3.0.0-cp312-none-win_amd64.whl", hash = "sha256:78f8f4e7efe5066aca24a7a57511b9c2119f5c2b5eb81c46ff9222ce11e0a7a5", size = 293456 },
    { url = "https://files.pythonhosted.org/packages/3b/60/ba8aa296ca6d76603d58146b4a222cd99e7da33831158b8c00240a896a56/pendulum-3.0.0-cp312-none-win_arm64.whl", hash = "sha256:28f49d8d1e32aae9c284a90b6bb3873eee15ec6e1d9042edd611b22a94ac462f", size = 288054 },
]

[[package]]
name = "python-dateutil"
version = "2.9.0.post0"
source = { registry = "https://pypi.org/simple" }
dependencies = [
    { name = "six" },
]
sdist = { url = "https://files.pythonhosted.org/packages/66/c0/0c8b6ad9f17a802ee498c46e004a0eb49bc148f2fd230864601a86dcf6db/python-dateutil-2.9.0.post0.tar.gz", hash = "sha256:37dd54208da7e1cd875388217d5e00ebd4179249f90fb72437e91a35459a0ad3", size = 342432 }
wheels = [
    { url = "https://files.pythonhosted.org/packages/ec/57/56b9bcc3c9c6a792fcbaf139543cee77261f3651ca9da0c93f5c1221264b/python_dateutil-2.9.0.post0-py2.py3-none-any.whl", hash = "sha256:a8b2bc7bffae282281c8140a97d3aa9c14da0b136dfe83f850eea9a5f7470427", size = 229892 },
]

[[package]]
name = "six"
version = "1.16.0"
source = { registry = "https://pypi.org/simple" }
sdist = { url = "https://files.pythonhosted.org/packages/71/39/171f1c67cd00715f190ba0b100d606d440a28c93c7714febeca8b79af85e/six-1.16.0.tar.gz", hash = "sha256:1e61c37477a1626458e36f7b1d82aa5c9b094fa4802892072e49de9c60c4c926", size = 34041 }
wheels = [
    { url = "https://files.pythonhosted.org/packages/d9/5a/e7c31adbe875f2abbb91bd84cf2dc52d792b5a01506781dbcf25c91daf11/six-1.16.0-py2.py3-none-any.whl", hash = "sha256:8abb2f1d86890a2dfb989f9a77cfcfd3e47c2a354b01111771326f8aa26e0254", size = 11053 },
]

[[package]]
name = "sniffio"
version = "1.3.1"
source = { registry = "https://pypi.org/simple" }
sdist = { url = "https://files.pythonhosted.org/packages/a2/87/a6771e1546d97e7e041b6ae58d80074f81b7d5121207425c964ddf5cfdbd/sniffio-1.3.1.tar.gz", hash = "sha256:f4324edc670a0f49750a81b895f35c3adb843cca46f0530f79fc1babb23789dc", size = 20372 }
wheels = [
    { url = "https://files.pythonhosted.org/packages/e9/44/75a9c9421471a6c4805dbf2356f7c181a29c1879239abab1ea2cc8f38b40/sniffio-1.3.1-py3-none-any.whl", hash = "sha256:2f6da418d1f1e0fddd844478f41680e794e6051915791a034ff65e5f100525a2", size = 10235 },
]

[[package]]
name = "time-machine"
version = "2.15.0"
source = { registry = "https://pypi.org/simple" }
dependencies = [
    { name = "python-dateutil" },
]
sdist = { url = "https://files.pythonhosted.org/packages/b2/e8/82d358c4d53555f031c2343d1c235b56b9f3b0a60ac3adc555778fe87506/time_machine-2.15.0.tar.gz", hash = "sha256:ebd2e63baa117ded04b978813fcd1279d3fc6be2149c9cac75c716b6f1db774c", size = 25067 }
wheels = [
    { url = "https://files.pythonhosted.org/packages/ce/54/829ab196c3306eb4cee95e3c8e7d004e15877b36479de5d2ecc72fc1d3d4/time_machine-2.15.0-cp311-cp311-macosx_10_9_universal2.whl", hash = "sha256:674097dd54a0bbd555e7927092c74428c4c07268ad52bca38cfccc3214707e50", size = 20448 },
    { url = "https://files.pythonhosted.org/packages/e1/48/a06f8c7db768db501a60210a48f3d37b7b3d65ca85aa8dc08147eb204b4a/time_machine-2.15.0-cp311-cp311-macosx_10_9_x86_64.whl", hash = "sha256:4e83fd6112808d1d14d1a57397c6fa3bd71bb2f3b8800036e12366e3680819b9", size = 16897 },
    { url = "https://files.pythonhosted.org/packages/e7/f8/73265927e3da54a417536dc3d8c9aad806b62b8133099a7ee12661aba1a3/time_machine-2.15.0-cp311-cp311-manylinux_2_17_aarch64.manylinux2014_aarch64.whl", hash = "sha256:b095a1de40ca1afaeae8df3f45e26b645094a1912e6e6871e725fcf06ecdb74a", size = 32789 },
    { url = "https://files.pythonhosted.org/packages/8a/a4/bcf8ad40a4c6973a67aba5df7ed704dc34256835fb074cfb4d4caa0f93a5/time_machine-2.15.0-cp311-cp311-manylinux_2_5_i686.manylinux1_i686.manylinux_2_17_i686.manylinux2014_i686.whl", hash = "sha256:4601fe7a6b74c6fd9207e614d9db2a20dd4befd4d314677a0feac13a67189707", size = 30911 },
    { url = "https://files.pythonhosted.org/packages/13/87/a6de1b187f5468781e0e722c877323625227151cc8ffff363a7391b01149/time_machine-2.15.0-cp311-cp311-manylinux_2_5_x86_64.manylinux1_x86_64.manylinux_2_17_x86_64.manylinux2014_x86_64.whl", hash = "sha256:245ef73f9927b7d4909d554a6a0284dbc5dee9730adea599e430b37c9e9fa203", size = 32644 },
    { url = "https://files.pythonhosted.org/packages/33/1f/7378d5a032467891a1005e546532223b97c53440c6359b1133696a5cb1ef/time_machine-2.15.0-cp311-cp311-musllinux_1_2_aarch64.whl", hash = "sha256:704abc7f3403584cca9c01c5809812e0bd70632ea4251389fae4f45e11aad94f", size = 32472 },
    { url = "https://files.pythonhosted.org/packages/68/14/2fab61ad2c9a831925bce3d5e341fa2108ba062c2de0c190569e1ee6a1c9/time_machine-2.15.0-cp311-cp311-musllinux_1_2_i686.whl", hash = "sha256:6425001e50a0c82108caed438233066cea04d42a8fc9c49bfcf081a5b96e5b4e", size = 30882 },
    { url = "https://files.pythonhosted.org/packages/8a/01/f5146b9956b548072000a87f3eb8dbb2591ada1516a5d889aa12b373948f/time_machine-2.15.0-cp311-cp311-musllinux_1_2_x86_64.whl", hash = "sha256:5d4073b754f90b19f28d036ec5143d3fca3a75e4d4241d78790a6178b00bb373", size = 32176 },
    { url = "https://files.pythonhosted.org/packages/ca/09/8a8488e6d3faf3cb68d078f27ca94aa3ba1bc08d5f804265c590208a70f5/time_machine-2.15.0-cp311-cp311-win32.whl", hash = "sha256:8817b0f7d7830215261b18db83c9c3ef1da6bb64da5c292d7c70b9a46e5a6745", size = 19305 },
    { url = "https://files.pythonhosted.org/packages/75/33/d8411b197a08eedb3ce086022cdf4faf1f15738607a2d943fd5286f57fdd/time_machine-2.15.0-cp311-cp311-win_amd64.whl", hash = "sha256:ddad27a62df2ea47b7b483009fbfcf167a71d702cbd8e2eefd9ddc1c93146658", size = 20210 },
    { url = "https://files.pythonhosted.org/packages/8c/f5/e9b5d7be612403e570a42af5c2823506877e726f77f2d6ff272d72d0aed3/time_machine-2.15.0-cp311-cp311-win_arm64.whl", hash = "sha256:6f021aa2dbd8fbfe54d3fa2258518129108b7496922b3bcff2cf5991078eec67", size = 18278 },
    { url = "https://files.pythonhosted.org/packages/49/47/46bf332f4ecd7f35e197131b9c23daa39423cf71b814e36e9d5df3cf2380/time_machine-2.15.0-cp312-cp312-macosx_10_9_universal2.whl", hash = "sha256:a22f47c34ee1fcf7d93a8c5c93135499aac879d9d5d8f820bd28571a30fdabcd", size = 20436 },
    { url = "https://files.pythonhosted.org/packages/f1/36/9990f16868ffdefe6b5aecfdfbcb11718230e414ca61a887fbee884f70e5/time_machine-2.15.0-cp312-cp312-macosx_10_9_x86_64.whl", hash = "sha256:b684f8ecdeacd6baabc17b15ac1b054ca62029193e6c5367ef00b3516671de80", size = 16926 },
    { url = "https://files.pythonhosted.org/packages/ca/2d/007955a0899cd079a400bc204c03edc76274de2471d94ca235ff587a6eba/time_machine-2.15.0-cp312-cp312-macosx_11_0_arm64.whl", hash = "sha256:5f7add997684bc6141e1c80f6ba0c38ffe316ba277a4074e61b1b7b4f5a172bf", size = 17157 },
    { url = "https://files.pythonhosted.org/packages/7a/e2/66d26450f9bfd1b019abdefbf0c62e760efc8992c7bf88d6c18f7ea6b94a/time_machine-2.15.0-cp312-cp312-manylinux_2_17_aarch64.manylinux2014_aarch64.whl", hash = "sha256:31af56399bf7c9ef76a3f7b6d9471dffa8f06ee373c194a374b69523f9061de9", size = 34005 },
    { url = "https://files.pythonhosted.org/packages/46/2c/dc2c42200aee6b47a55274d984736f7507ecfbfd0345114ec511ec444bef/time_machine-2.15.0-cp312-cp312-manylinux_2_5_i686.manylinux1_i686.manylinux_2_17_i686.manylinux2014_i686.whl", hash = "sha256:f5b94cba3edfc54bcb3ab5be616a2f50fa48be438e5af970824efdf882d1bc31", size = 31926 },
    { url = "https://files.pythonhosted.org/packages/87/59/10d8faecbd233b0da831eb9973c3e650c83fb3d443edb607b6b26c9688ac/time_machine-2.15.0-cp312-cp312-manylinux_2_5_x86_64.manylinux1_x86_64.manylinux_2_17_x86_64.manylinux2014_x86_64.whl", hash = "sha256:3862dda89bdb05f9d521b08fdcb24b19a7dd9f559ae324f4301ba7a07b6eea64", size = 33685 },
    { url = "https://files.pythonhosted.org/packages/2e/a4/702ad9e328cbc7b3f1833dee4886d0994e52bc2d9640effa64bccc7740fa/time_machine-2.15.0-cp312-cp312-musllinux_1_2_aarch64.whl", hash = "sha256:e1790481a6b9ce38888f22ce30710244067898c3ac4805a0e061e381f3db3506", size = 33609 },
    { url = "https://files.pythonhosted.org/packages/a0/9d/6009d28ad395a45b5bb91af31616494b4e61d6d9df252d0e5933cd3aa8f1/time_machine-2.15.0-cp312-cp312-musllinux_1_2_i686.whl", hash = "sha256:a731c03bc00552ee6cc685a59616d36003124e7e04c6ddf65c2c47f1c3d85480", size = 31737 },
    { url = "https://files.pythonhosted.org/packages/36/22/b55df08cf48d46af93ee2f4310dd88c8519bc5f98afd24af57a81a5d5272/time_machine-2.15.0-cp312-cp312-musllinux_1_2_x86_64.whl", hash = "sha256:e6776840aea3ff5ab6924b50117957da62db51b109b3b491c0d5817a804b1a8e", size = 33253 },
    { url = "https://files.pythonhosted.org/packages/52/d7/bb5e92f0b0268cd13baad874d82b0e964a847cf52740464abeec48dc1642/time_machine-2.15.0-cp312-cp312-win32.whl", hash = "sha256:9479530e3fce65f6149058071fa4df8150025f15b43b103445f619842981a87c", size = 19369 },
    { url = "https://files.pythonhosted.org/packages/f4/33/276537ba292fc7ee67e6aef7566b2a6b313dbc4d479e5e80eed43094ef48/time_machine-2.15.0-cp312-cp312-win_amd64.whl", hash = "sha256:b5f3ab4185c1f72010846ca9fccb08349e23a2b52982a18d9870e848ce9f1c86", size = 20219 },
    { url = "https://files.pythonhosted.org/packages/e0/0e/e8b75032248f59a2bc5c125d3a41242b1e577caa07585c42b22373d6466d/time_machine-2.15.0-cp312-cp312-win_arm64.whl", hash = "sha256:c0473dfa8f17c6a9a250b2bd6a5b62af3aa7d22518f701649115f1085d5e35ab", size = 18297 },
    { url = "https://files.pythonhosted.org/packages/7c/a1/ebe212530628aa29a86a771ca77cb2d1ead667382cfa89a3fb849e3f0108/time_machine-2.15.0-cp313-cp313-macosx_10_13_universal2.whl", hash = "sha256:f50f10058b884d45cd8a50423bf561b1f9f9df7058abeb8b318700c8bcf4bb54", size = 20492 },
    { url = "https://files.pythonhosted.org/packages/29/0d/2a19951729e50d8809e161e533585c0be5ae39c0cf40140877353847b9b5/time_machine-2.15.0-cp313-cp313-macosx_10_13_x86_64.whl", hash = "sha256:df6f618b98f0848fd8d07039541e10f23db679d8283f8719e870a98e1ef8e639", size = 16961 },
    { url = "https://files.pythonhosted.org/packages/85/eb/33cf2173758b128f55c880c492e17b70f6c325e7bee879f9b0171cfe02a0/time_machine-2.15.0-cp313-cp313-manylinux_2_17_aarch64.manylinux2014_aarch64.whl", hash = "sha256:52468a0784544eba708c0ae6bc5e8c5dcfd685495a60f7f74028662c984bd9cd", size = 34051 },
    { url = "https://files.pythonhosted.org/packages/e1/23/da9a7935a7be952ab6163caf976b6bad049f6e117f3a396ecc381b077cb6/time_machine-2.15.0-cp313-cp313-manylinux_2_5_i686.manylinux1_i686.manylinux_2_17_i686.manylinux2014_i686.whl", hash = "sha256:c08800c28160f4d32ca510128b4e201a43c813e7a2dd53178fa79ebe050eba13", size = 31966 },
    { url = "https://files.pythonhosted.org/packages/0b/0d/a8e3cbd91ffa98b0fa50b6e29d03151f37aa04cca4dd658e33cdf2b4731e/time_machine-2.15.0-cp313-cp313-manylinux_2_5_x86_64.manylinux1_x86_64.manylinux_2_17_x86_64.manylinux2014_x86_64.whl", hash = "sha256:65d395211736d9844537a530287a7c64b9fda1d353e899a0e1723986a0859154", size = 33727 },
    { url = "https://files.pythonhosted.org/packages/07/53/c084031980706517cfbae9f462e455d61c7cbf9b66a8a83bcc5b79d00836/time_machine-2.15.0-cp313-cp313-musllinux_1_2_aarch64.whl", hash = "sha256:3b177d334a35bf2ce103bfe4e0e416e4ee824dd33386ea73fa7491c17cc61897", size = 33690 },
    { url = "https://files.pythonhosted.org/packages/a0/30/5c87e8709ba00c893faf8a9bddf06abf317fdc6103fe78bdf99c53ab444f/time_machine-2.15.0-cp313-cp313-musllinux_1_2_i686.whl", hash = "sha256:9a6a9342fae113b12aab42c790880c549d9ba695b8deff27ee08096eedd67569", size = 31809 },
    { url = "https://files.pythonhosted.org/packages/04/7b/92ac7c556cd123bf8b23dbae3cf4a273c276110b87d0c4b5600c2cec8e70/time_machine-2.15.0-cp313-cp313-musllinux_1_2_x86_64.whl", hash = "sha256:bcbb25029ee8756f10c6473cea5ef21707a1d9a8752cdf29fad3a5f34aa4a313", size = 33325 },
    { url = "https://files.pythonhosted.org/packages/e9/71/36c74bab3d4e4385d31610b367da1535a36d17358df058e0920a7510e17c/time_machine-2.15.0-cp313-cp313-win32.whl", hash = "sha256:29b988b1f09f2a083b12b6b054787b799ae91ee15bb0e9de3e48f880e4d68674", size = 19397 },
    { url = "https://files.pythonhosted.org/packages/a4/69/ea5976c43a673894f2fa85a05b28a610b474472f393e59722a6946f7070b/time_machine-2.15.0-cp313-cp313-win_amd64.whl", hash = "sha256:d828721dcbcb94b904a6b25df67c2513ecd24cd9e36694f38b9f0fa71c7c6103", size = 20242 },
    { url = "https://files.pythonhosted.org/packages/cc/c8/26367d0b8dfaf7445576fe0051bff61b8f5be752e7bf3e8807ed7fa3a343/time_machine-2.15.0-cp313-cp313-win_arm64.whl", hash = "sha256:008bd668d933b1a029c81805bcdc0132390c2545b103cf8e6709e3adbc37989d", size = 18337 },
]

[[package]]
name = "tzdata"
version = "2024.1"
source = { registry = "https://pypi.org/simple" }
sdist = { url = "https://files.pythonhosted.org/packages/74/5b/e025d02cb3b66b7b76093404392d4b44343c69101cc85f4d180dd5784717/tzdata-2024.1.tar.gz", hash = "sha256:2674120f8d891909751c38abcdfd386ac0a5a1127954fbc332af6b5ceae07efd", size = 190559 }
wheels = [
    { url = "https://files.pythonhosted.org/packages/65/58/f9c9e6be752e9fcb8b6a0ee9fb87e6e7a1f6bcab2cdc73f02bb7ba91ada0/tzdata-2024.1-py2.py3-none-any.whl", hash = "sha256:9068bc196136463f5245e51efda838afa15aaeca9903f49050dfa2679db4d252", size = 345370 },
]
